// !$*UTF8*$!
{
	archiveVersion = 1;
	classes = {
	};
	objectVersion = 77;
	objects = {

/* Begin PBXBuildFile section */
		2638C03D2EC4584000DE7CF4 /* EditHeaderView.swift in Sources */ = {isa = PBXBuildFile; fileRef = 2638C03C2EC4584000DE7CF4 /* EditHeaderView.swift */; };
		2638C03F2EC4585E00DE7CF4 /* EditSections.swift in Sources */ = {isa = PBXBuildFile; fileRef = 2638C03E2EC4585E00DE7CF4 /* EditSections.swift */; };
		2638C0412EC4588200DE7CF4 /* EditToolbar.swift in Sources */ = {isa = PBXBuildFile; fileRef = 2638C0402EC4588200DE7CF4 /* EditToolbar.swift */; };
		2638C0432EC45C7500DE7CF4 /* EditTaskViewModel.swift in Sources */ = {isa = PBXBuildFile; fileRef = 2638C0422EC45C7500DE7CF4 /* EditTaskViewModel.swift */; };
		26A14B4B2EC36E8F006976B0 /* TaskChartView.swift in Sources */ = {isa = PBXBuildFile; fileRef = 26A14B4A2EC36E8F006976B0 /* TaskChartView.swift */; };
		26A14B4E2EC37FEA006976B0 /* AutoResizingTextEditor.swift in Sources */ = {isa = PBXBuildFile; fileRef = 26A14B4D2EC37FEA006976B0 /* AutoResizingTextEditor.swift */; };
		26A14B522EC3861B006976B0 /* EditView.swift in Sources */ = {isa = PBXBuildFile; fileRef = 26A14B512EC3861B006976B0 /* EditView.swift */; };
		26A14B542EC38723006976B0 /* Color+Extensions.swift in Sources */ = {isa = PBXBuildFile; fileRef = 26A14B532EC38723006976B0 /* Color+Extensions.swift */; };
		26FE08672EC3250D00910FFA /* ContentView.swift in Sources */ = {isa = PBXBuildFile; fileRef = 26FE08642EC3250D00910FFA /* ContentView.swift */; };
		26FE08682EC3250D00910FFA /* TaskTrackerApp.swift in Sources */ = {isa = PBXBuildFile; fileRef = 26FE08652EC3250D00910FFA /* TaskTrackerApp.swift */; };
		26FE08692EC3250D00910FFA /* Assets.xcassets in Resources */ = {isa = PBXBuildFile; fileRef = 26FE08632EC3250D00910FFA /* Assets.xcassets */; };
		26FE086D2EC325B500910FFA /* Task.swift in Sources */ = {isa = PBXBuildFile; fileRef = 26FE086C2EC325B500910FFA /* Task.swift */; };
		26FE086F2EC325DE00910FFA /* StoreTask.swift in Sources */ = {isa = PBXBuildFile; fileRef = 26FE086E2EC325DE00910FFA /* StoreTask.swift */; };
		26FE08712EC3260700910FFA /* TaskRowView.swift in Sources */ = {isa = PBXBuildFile; fileRef = 26FE08702EC3260700910FFA /* TaskRowView.swift */; };
		26FE08732EC3268900910FFA /* DetailView.swift in Sources */ = {isa = PBXBuildFile; fileRef = 26FE08722EC3268900910FFA /* DetailView.swift */; };
		26FE08752EC331DB00910FFA /* AddTaskView.swift in Sources */ = {isa = PBXBuildFile; fileRef = 26FE08742EC331DB00910FFA /* AddTaskView.swift */; };
/* End PBXBuildFile section */

/* Begin PBXFileReference section */
		2638C03C2EC4584000DE7CF4 /* EditHeaderView.swift */ = {isa = PBXFileReference; lastKnownFileType = sourcecode.swift; path = EditHeaderView.swift; sourceTree = "<group>"; };
		2638C03E2EC4585E00DE7CF4 /* EditSections.swift */ = {isa = PBXFileReference; lastKnownFileType = sourcecode.swift; path = EditSections.swift; sourceTree = "<group>"; };
		2638C0402EC4588200DE7CF4 /* EditToolbar.swift */ = {isa = PBXFileReference; lastKnownFileType = sourcecode.swift; path = EditToolbar.swift; sourceTree = "<group>"; };
		2638C0422EC45C7500DE7CF4 /* EditTaskViewModel.swift */ = {isa = PBXFileReference; lastKnownFileType = sourcecode.swift; path = EditTaskViewModel.swift; sourceTree = "<group>"; };
		26A14B4A2EC36E8F006976B0 /* TaskChartView.swift */ = {isa = PBXFileReference; lastKnownFileType = sourcecode.swift; path = TaskChartView.swift; sourceTree = "<group>"; };
		26A14B4D2EC37FEA006976B0 /* AutoResizingTextEditor.swift */ = {isa = PBXFileReference; lastKnownFileType = sourcecode.swift; path = AutoResizingTextEditor.swift; sourceTree = "<group>"; };
		26A14B512EC3861B006976B0 /* EditView.swift */ = {isa = PBXFileReference; lastKnownFileType = sourcecode.swift; path = EditView.swift; sourceTree = "<group>"; };
		26A14B532EC38723006976B0 /* Color+Extensions.swift */ = {isa = PBXFileReference; lastKnownFileType = sourcecode.swift; path = "Color+Extensions.swift"; sourceTree = "<group>"; };
		26FE084C2EC324A300910FFA /* TaskTracker.app */ = {isa = PBXFileReference; explicitFileType = wrapper.application; includeInIndex = 0; path = TaskTracker.app; sourceTree = BUILT_PRODUCTS_DIR; };
		26FE08632EC3250D00910FFA /* Assets.xcassets */ = {isa = PBXFileReference; lastKnownFileType = folder.assetcatalog; path = Assets.xcassets; sourceTree = "<group>"; };
		26FE08642EC3250D00910FFA /* ContentView.swift */ = {isa = PBXFileReference; lastKnownFileType = sourcecode.swift; path = ContentView.swift; sourceTree = "<group>"; };
		26FE08652EC3250D00910FFA /* TaskTrackerApp.swift */ = {isa = PBXFileReference; lastKnownFileType = sourcecode.swift; path = TaskTrackerApp.swift; sourceTree = "<group>"; };
		26FE086C2EC325B500910FFA /* Task.swift */ = {isa = PBXFileReference; lastKnownFileType = sourcecode.swift; path = Task.swift; sourceTree = "<group>"; };
		26FE086E2EC325DE00910FFA /* StoreTask.swift */ = {isa = PBXFileReference; lastKnownFileType = sourcecode.swift; path = StoreTask.swift; sourceTree = "<group>"; };
		26FE08702EC3260700910FFA /* TaskRowView.swift */ = {isa = PBXFileReference; lastKnownFileType = sourcecode.swift; path = TaskRowView.swift; sourceTree = "<group>"; };
		26FE08722EC3268900910FFA /* DetailView.swift */ = {isa = PBXFileReference; lastKnownFileType = sourcecode.swift; path = DetailView.swift; sourceTree = "<group>"; };
		26FE08742EC331DB00910FFA /* AddTaskView.swift */ = {isa = PBXFileReference; lastKnownFileType = sourcecode.swift; path = AddTaskView.swift; sourceTree = "<group>"; };
/* End PBXFileReference section */

/* Begin PBXFrameworksBuildPhase section */
		26FE08492EC324A300910FFA /* Frameworks */ = {
			isa = PBXFrameworksBuildPhase;
			buildActionMask = 2147483647;
			files = (
			);
			runOnlyForDeploymentPostprocessing = 0;
		};
/* End PBXFrameworksBuildPhase section */

/* Begin PBXGroup section */
		26A14B4C2EC37FBA006976B0 /* Helpers */ = {
			isa = PBXGroup;
			children = (
				26A14B4D2EC37FEA006976B0 /* AutoResizingTextEditor.swift */,
				26A14B532EC38723006976B0 /* Color+Extensions.swift */,
			);
			path = Helpers;
			sourceTree = "<group>";
		};
		26A14B4F2EC385D8006976B0 /* Main */ = {
			isa = PBXGroup;
			children = (
				26FE08642EC3250D00910FFA /* ContentView.swift */,
				26FE08742EC331DB00910FFA /* AddTaskView.swift */,
				26FE08702EC3260700910FFA /* TaskRowView.swift */,
				26A14B4A2EC36E8F006976B0 /* TaskChartView.swift */,
			);
			path = Main;
			sourceTree = "<group>";
		};
		26A14B502EC385F5006976B0 /* Detail */ = {
			isa = PBXGroup;
			children = (
				26FE08722EC3268900910FFA /* DetailView.swift */,
				26A14B512EC3861B006976B0 /* EditView.swift */,
				2638C03C2EC4584000DE7CF4 /* EditHeaderView.swift */,
				2638C03E2EC4585E00DE7CF4 /* EditSections.swift */,
				2638C0402EC4588200DE7CF4 /* EditToolbar.swift */,
			);
			path = Detail;
			sourceTree = "<group>";
		};
		26FE08432EC324A300910FFA = {
			isa = PBXGroup;
			children = (
				26FE08662EC3250D00910FFA /* TaskTracker */,
				26FE084D2EC324A300910FFA /* Products */,
			);
			sourceTree = "<group>";
		};
		26FE084D2EC324A300910FFA /* Products */ = {
			isa = PBXGroup;
			children = (
				26FE084C2EC324A300910FFA /* TaskTracker.app */,
			);
			name = Products;
			sourceTree = "<group>";
		};
		26FE08602EC3250D00910FFA /* Models */ = {
			isa = PBXGroup;
			children = (
				26FE086C2EC325B500910FFA /* Task.swift */,
			);
			path = Models;
			sourceTree = "<group>";
		};
		26FE08612EC3250D00910FFA /* ViewModels */ = {
			isa = PBXGroup;
			children = (
				26FE086E2EC325DE00910FFA /* StoreTask.swift */,
				2638C0422EC45C7500DE7CF4 /* EditTaskViewModel.swift */,
			);
			path = ViewModels;
			sourceTree = "<group>";
		};
		26FE08622EC3250D00910FFA /* Views */ = {
			isa = PBXGroup;
			children = (
				26A14B4F2EC385D8006976B0 /* Main */,
				26A14B502EC385F5006976B0 /* Detail */,
				26A14B4C2EC37FBA006976B0 /* Helpers */,
			);
			path = Views;
			sourceTree = "<group>";
		};
		26FE08662EC3250D00910FFA /* TaskTracker */ = {
			isa = PBXGroup;
			children = (
				26FE08602EC3250D00910FFA /* Models */,
				26FE08612EC3250D00910FFA /* ViewModels */,
				26FE08622EC3250D00910FFA /* Views */,
				26FE08652EC3250D00910FFA /* TaskTrackerApp.swift */,
				26FE08632EC3250D00910FFA /* Assets.xcassets */,
			);
			path = TaskTracker;
			sourceTree = "<group>";
		};
/* End PBXGroup section */

/* Begin PBXNativeTarget section */
		26FE084B2EC324A300910FFA /* TaskTracker */ = {
			isa = PBXNativeTarget;
			buildConfigurationList = 26FE08572EC324A300910FFA /* Build configuration list for PBXNativeTarget "TaskTracker" */;
			buildPhases = (
				26FE08482EC324A300910FFA /* Sources */,
				26FE08492EC324A300910FFA /* Frameworks */,
				26FE084A2EC324A300910FFA /* Resources */,
			);
			buildRules = (
			);
			dependencies = (
			);
			name = TaskTracker;
			packageProductDependencies = (
			);
			productName = TaskTracker;
			productReference = 26FE084C2EC324A300910FFA /* TaskTracker.app */;
			productType = "com.apple.product-type.application";
		};
/* End PBXNativeTarget section */

/* Begin PBXProject section */
		26FE08442EC324A300910FFA /* Project object */ = {
			isa = PBXProject;
			attributes = {
				BuildIndependentTargetsInParallel = 1;
				LastSwiftUpdateCheck = 2600;
				LastUpgradeCheck = 2600;
				TargetAttributes = {
					26FE084B2EC324A300910FFA = {
						CreatedOnToolsVersion = 26.0.1;
					};
				};
			};
			buildConfigurationList = 26FE08472EC324A300910FFA /* Build configuration list for PBXProject "TaskTracker" */;
			developmentRegion = en;
			hasScannedForEncodings = 0;
			knownRegions = (
				en,
				Base,
			);
			mainGroup = 26FE08432EC324A300910FFA;
			minimizedProjectReferenceProxies = 1;
			preferredProjectObjectVersion = 77;
			productRefGroup = 26FE084D2EC324A300910FFA /* Products */;
			projectDirPath = "";
			projectRoot = "";
			targets = (
				26FE084B2EC324A300910FFA /* TaskTracker */,
			);
		};
/* End PBXProject section */

/* Begin PBXResourcesBuildPhase section */
		26FE084A2EC324A300910FFA /* Resources */ = {
			isa = PBXResourcesBuildPhase;
			buildActionMask = 2147483647;
			files = (
				26FE08692EC3250D00910FFA /* Assets.xcassets in Resources */,
			);
			runOnlyForDeploymentPostprocessing = 0;
		};
/* End PBXResourcesBuildPhase section */

/* Begin PBXSourcesBuildPhase section */
		26FE08482EC324A300910FFA /* Sources */ = {
			isa = PBXSourcesBuildPhase;
			buildActionMask = 2147483647;
			files = (
				26FE08712EC3260700910FFA /* TaskRowView.swift in Sources */,
				2638C0432EC45C7500DE7CF4 /* EditTaskViewModel.swift in Sources */,
				26FE08752EC331DB00910FFA /* AddTaskView.swift in Sources */,
				26FE08672EC3250D00910FFA /* ContentView.swift in Sources */,
				26FE086D2EC325B500910FFA /* Task.swift in Sources */,
				26FE08732EC3268900910FFA /* DetailView.swift in Sources */,
				2638C03D2EC4584000DE7CF4 /* EditHeaderView.swift in Sources */,
				26A14B4E2EC37FEA006976B0 /* AutoResizingTextEditor.swift in Sources */,
				26A14B522EC3861B006976B0 /* EditView.swift in Sources */,
				26FE086F2EC325DE00910FFA /* StoreTask.swift in Sources */,
				26A14B4B2EC36E8F006976B0 /* TaskChartView.swift in Sources */,
				26A14B542EC38723006976B0 /* Color+Extensions.swift in Sources */,
				26FE08682EC3250D00910FFA /* TaskTrackerApp.swift in Sources */,
				2638C03F2EC4585E00DE7CF4 /* EditSections.swift in Sources */,
				2638C0412EC4588200DE7CF4 /* EditToolbar.swift in Sources */,
			);
			runOnlyForDeploymentPostprocessing = 0;
		};
/* End PBXSourcesBuildPhase section */

/* Begin XCBuildConfiguration section */
		26FE08552EC324A300910FFA /* Debug */ = {
			isa = XCBuildConfiguration;
			buildSettings = {
				ALWAYS_SEARCH_USER_PATHS = NO;
				ASSETCATALOG_COMPILER_GENERATE_SWIFT_ASSET_SYMBOL_EXTENSIONS = YES;
				CLANG_ANALYZER_NONNULL = YES;
				CLANG_ANALYZER_NUMBER_OBJECT_CONVERSION = YES_AGGRESSIVE;
				CLANG_CXX_LANGUAGE_STANDARD = "gnu++20";
				CLANG_ENABLE_MODULES = YES;
				CLANG_ENABLE_OBJC_ARC = YES;
				CLANG_ENABLE_OBJC_WEAK = YES;
				CLANG_WARN_BLOCK_CAPTURE_AUTORELEASING = YES;
				CLANG_WARN_BOOL_CONVERSION = YES;
				CLANG_WARN_COMMA = YES;
				CLANG_WARN_CONSTANT_CONVERSION = YES;
				CLANG_WARN_DEPRECATED_OBJC_IMPLEMENTATIONS = YES;
				CLANG_WARN_DIRECT_OBJC_ISA_USAGE = YES_ERROR;
				CLANG_WARN_DOCUMENTATION_COMMENTS = YES;
				CLANG_WARN_EMPTY_BODY = YES;
				CLANG_WARN_ENUM_CONVERSION = YES;
				CLANG_WARN_INFINITE_RECURSION = YES;
				CLANG_WARN_INT_CONVERSION = YES;
				CLANG_WARN_NON_LITERAL_NULL_CONVERSION = YES;
				CLANG_WARN_OBJC_IMPLICIT_RETAIN_SELF = YES;
				CLANG_WARN_OBJC_LITERAL_CONVERSION = YES;
				CLANG_WARN_OBJC_ROOT_CLASS = YES_ERROR;
				CLANG_WARN_QUOTED_INCLUDE_IN_FRAMEWORK_HEADER = YES;
				CLANG_WARN_RANGE_LOOP_ANALYSIS = YES;
				CLANG_WARN_STRICT_PROTOTYPES = YES;
				CLANG_WARN_SUSPICIOUS_MOVE = YES;
				CLANG_WARN_UNGUARDED_AVAILABILITY = YES_AGGRESSIVE;
				CLANG_WARN_UNREACHABLE_CODE = YES;
				CLANG_WARN__DUPLICATE_METHOD_MATCH = YES;
				COPY_PHASE_STRIP = NO;
				DEBUG_INFORMATION_FORMAT = dwarf;
				DEVELOPMENT_TEAM = VB3GQXK49U;
				ENABLE_STRICT_OBJC_MSGSEND = YES;
				ENABLE_TESTABILITY = YES;
				ENABLE_USER_SCRIPT_SANDBOXING = YES;
				GCC_C_LANGUAGE_STANDARD = gnu17;
				GCC_DYNAMIC_NO_PIC = NO;
				GCC_NO_COMMON_BLOCKS = YES;
				GCC_OPTIMIZATION_LEVEL = 0;
				GCC_PREPROCESSOR_DEFINITIONS = (
					"DEBUG=1",
					"$(inherited)",
				);
				GCC_WARN_64_TO_32_BIT_CONVERSION = YES;
				GCC_WARN_ABOUT_RETURN_TYPE = YES_ERROR;
				GCC_WARN_UNDECLARED_SELECTOR = YES;
				GCC_WARN_UNINITIALIZED_AUTOS = YES_AGGRESSIVE;
				GCC_WARN_UNUSED_FUNCTION = YES;
				GCC_WARN_UNUSED_VARIABLE = YES;
				LOCALIZATION_PREFERS_STRING_CATALOGS = YES;
				MACOSX_DEPLOYMENT_TARGET = 26.0;
				MTL_ENABLE_DEBUG_INFO = INCLUDE_SOURCE;
				MTL_FAST_MATH = YES;
				ONLY_ACTIVE_ARCH = YES;
				SDKROOT = macosx;
				SWIFT_ACTIVE_COMPILATION_CONDITIONS = "DEBUG $(inherited)";
				SWIFT_OPTIMIZATION_LEVEL = "-Onone";
			};
			name = Debug;
		};
		26FE08562EC324A300910FFA /* Release */ = {
			isa = XCBuildConfiguration;
			buildSettings = {
				ALWAYS_SEARCH_USER_PATHS = NO;
				ASSETCATALOG_COMPILER_GENERATE_SWIFT_ASSET_SYMBOL_EXTENSIONS = YES;
				CLANG_ANALYZER_NONNULL = YES;
				CLANG_ANALYZER_NUMBER_OBJECT_CONVERSION = YES_AGGRESSIVE;
				CLANG_CXX_LANGUAGE_STANDARD = "gnu++20";
				CLANG_ENABLE_MODULES = YES;
				CLANG_ENABLE_OBJC_ARC = YES;
				CLANG_ENABLE_OBJC_WEAK = YES;
				CLANG_WARN_BLOCK_CAPTURE_AUTORELEASING = YES;
				CLANG_WARN_BOOL_CONVERSION = YES;
				CLANG_WARN_COMMA = YES;
				CLANG_WARN_CONSTANT_CONVERSION = YES;
				CLANG_WARN_DEPRECATED_OBJC_IMPLEMENTATIONS = YES;
				CLANG_WARN_DIRECT_OBJC_ISA_USAGE = YES_ERROR;
				CLANG_WARN_DOCUMENTATION_COMMENTS = YES;
				CLANG_WARN_EMPTY_BODY = YES;
				CLANG_WARN_ENUM_CONVERSION = YES;
				CLANG_WARN_INFINITE_RECURSION = YES;
				CLANG_WARN_INT_CONVERSION = YES;
				CLANG_WARN_NON_LITERAL_NULL_CONVERSION = YES;
				CLANG_WARN_OBJC_IMPLICIT_RETAIN_SELF = YES;
				CLANG_WARN_OBJC_LITERAL_CONVERSION = YES;
				CLANG_WARN_OBJC_ROOT_CLASS = YES_ERROR;
				CLANG_WARN_QUOTED_INCLUDE_IN_FRAMEWORK_HEADER = YES;
				CLANG_WARN_RANGE_LOOP_ANALYSIS = YES;
				CLANG_WARN_STRICT_PROTOTYPES = YES;
				CLANG_WARN_SUSPICIOUS_MOVE = YES;
				CLANG_WARN_UNGUARDED_AVAILABILITY = YES_AGGRESSIVE;
				CLANG_WARN_UNREACHABLE_CODE = YES;
				CLANG_WARN__DUPLICATE_METHOD_MATCH = YES;
				COPY_PHASE_STRIP = NO;
				DEBUG_INFORMATION_FORMAT = "dwarf-with-dsym";
				DEVELOPMENT_TEAM = VB3GQXK49U;
				ENABLE_NS_ASSERTIONS = NO;
				ENABLE_STRICT_OBJC_MSGSEND = YES;
				ENABLE_USER_SCRIPT_SANDBOXING = YES;
				GCC_C_LANGUAGE_STANDARD = gnu17;
				GCC_NO_COMMON_BLOCKS = YES;
				GCC_WARN_64_TO_32_BIT_CONVERSION = YES;
				GCC_WARN_ABOUT_RETURN_TYPE = YES_ERROR;
				GCC_WARN_UNDECLARED_SELECTOR = YES;
				GCC_WARN_UNINITIALIZED_AUTOS = YES_AGGRESSIVE;
				GCC_WARN_UNUSED_FUNCTION = YES;
				GCC_WARN_UNUSED_VARIABLE = YES;
				LOCALIZATION_PREFERS_STRING_CATALOGS = YES;
				MACOSX_DEPLOYMENT_TARGET = 26.0;
				MTL_ENABLE_DEBUG_INFO = NO;
				MTL_FAST_MATH = YES;
				SDKROOT = macosx;
				SWIFT_COMPILATION_MODE = wholemodule;
			};
			name = Release;
		};
		26FE08582EC324A300910FFA /* Debug */ = {
			isa = XCBuildConfiguration;
			buildSettings = {
				ASSETCATALOG_COMPILER_APPICON_NAME = AppIcon;
				ASSETCATALOG_COMPILER_GLOBAL_ACCENT_COLOR_NAME = AccentColor;
				CODE_SIGN_STYLE = Automatic;
				COMBINE_HIDPI_IMAGES = YES;
				CURRENT_PROJECT_VERSION = 1;
				DEVELOPMENT_TEAM = VB3GQXK49U;
				ENABLE_APP_SANDBOX = YES;
				ENABLE_HARDENED_RUNTIME = YES;
				ENABLE_PREVIEWS = YES;
				ENABLE_USER_SELECTED_FILES = readonly;
				GENERATE_INFOPLIST_FILE = YES;
				INFOPLIST_KEY_NSHumanReadableCopyright = "";
				LD_RUNPATH_SEARCH_PATHS = (
					"$(inherited)",
					"@executable_path/../Frameworks",
				);
				MARKETING_VERSION = 1.0;
				PRODUCT_BUNDLE_IDENTIFIER = ajitKawale.TaskTracker;
				PRODUCT_NAME = "$(TARGET_NAME)";
				REGISTER_APP_GROUPS = YES;
				STRING_CATALOG_GENERATE_SYMBOLS = YES;
				SWIFT_APPROACHABLE_CONCURRENCY = YES;
				SWIFT_DEFAULT_ACTOR_ISOLATION = MainActor;
				SWIFT_EMIT_LOC_STRINGS = YES;
				SWIFT_UPCOMING_FEATURE_MEMBER_IMPORT_VISIBILITY = YES;
				SWIFT_VERSION = 5.0;
			};
			name = Debug;
		};
		26FE08592EC324A300910FFA /* Release */ = {
			isa = XCBuildConfiguration;
			buildSettings = {
				ASSETCATALOG_COMPILER_APPICON_NAME = AppIcon;
				ASSETCATALOG_COMPILER_GLOBAL_ACCENT_COLOR_NAME = AccentColor;
				CODE_SIGN_STYLE = Automatic;
				COMBINE_HIDPI_IMAGES = YES;
				CURRENT_PROJECT_VERSION = 1;
				DEVELOPMENT_TEAM = VB3GQXK49U;
				ENABLE_APP_SANDBOX = YES;
				ENABLE_HARDENED_RUNTIME = YES;
				ENABLE_PREVIEWS = YES;
				ENABLE_USER_SELECTED_FILES = readonly;
				GENERATE_INFOPLIST_FILE = YES;
				INFOPLIST_KEY_NSHumanReadableCopyright = "";
				LD_RUNPATH_SEARCH_PATHS = (
					"$(inherited)",
					"@executable_path/../Frameworks",
				);
				MARKETING_VERSION = 1.0;
				PRODUCT_BUNDLE_IDENTIFIER = ajitKawale.TaskTracker;
				PRODUCT_NAME = "$(TARGET_NAME)";
				REGISTER_APP_GROUPS = YES;
				STRING_CATALOG_GENERATE_SYMBOLS = YES;
				SWIFT_APPROACHABLE_CONCURRENCY = YES;
				SWIFT_DEFAULT_ACTOR_ISOLATION = MainActor;
				SWIFT_EMIT_LOC_STRINGS = YES;
				SWIFT_UPCOMING_FEATURE_MEMBER_IMPORT_VISIBILITY = YES;
				SWIFT_VERSION = 5.0;
			};
			name = Release;
		};
/* End XCBuildConfiguration section */

/* Begin XCConfigurationList section */
		26FE08472EC324A300910FFA /* Build configuration list for PBXProject "TaskTracker" */ = {
			isa = XCConfigurationList;
			buildConfigurations = (
				26FE08552EC324A300910FFA /* Debug */,
				26FE08562EC324A300910FFA /* Release */,
			);
			defaultConfigurationIsVisible = 0;
			defaultConfigurationName = Release;
		};
		26FE08572EC324A300910FFA /* Build configuration list for PBXNativeTarget "TaskTracker" */ = {
			isa = XCConfigurationList;
			buildConfigurations = (
				26FE08582EC324A300910FFA /* Debug */,
				26FE08592EC324A300910FFA /* Release */,
			);
			defaultConfigurationIsVisible = 0;
			defaultConfigurationName = Release;
		};
/* End XCConfigurationList section */
	};
	rootObject = 26FE08442EC324A300910FFA /* Project object */;
}
